// !$*UTF8*$!
{
	archiveVersion = 1;
	classes = {
	};
	objectVersion = 56;
	objects = {

/* Begin PBXBuildFile section */
		54B112C129EFE95600CD759D /* PomodoroApp.swift in Sources */ = {isa = PBXBuildFile; fileRef = 54B112C029EFE95600CD759D /* PomodoroApp.swift */; };
		54B112C329EFE95600CD759D /* ContentView.swift in Sources */ = {isa = PBXBuildFile; fileRef = 54B112C229EFE95600CD759D /* ContentView.swift */; };
		54B112C529EFE95700CD759D /* Assets.xcassets in Resources */ = {isa = PBXBuildFile; fileRef = 54B112C429EFE95700CD759D /* Assets.xcassets */; };
		54B112C829EFE95700CD759D /* Preview Assets.xcassets in Resources */ = {isa = PBXBuildFile; fileRef = 54B112C729EFE95700CD759D /* Preview Assets.xcassets */; };
		54B112D329EFEB9900CD759D /* StatsView.swift in Sources */ = {isa = PBXBuildFile; fileRef = 54B112D229EFEB9900CD759D /* StatsView.swift */; };
		54B112D529EFEBB400CD759D /* StatsRow.swift in Sources */ = {isa = PBXBuildFile; fileRef = 54B112D429EFEBB400CD759D /* StatsRow.swift */; };
		54B112D729EFEBCF00CD759D /* SaveSessionView.swift in Sources */ = {isa = PBXBuildFile; fileRef = 54B112D629EFEBCF00CD759D /* SaveSessionView.swift */; };
		54B112D929EFEBE600CD759D /* TimerView.swift in Sources */ = {isa = PBXBuildFile; fileRef = 54B112D829EFEBE600CD759D /* TimerView.swift */; };
		54B112DB29EFED8A00CD759D /* SessionStruct.swift in Sources */ = {isa = PBXBuildFile; fileRef = 54B112DA29EFED8A00CD759D /* SessionStruct.swift */; };
		54B112DD29EFED9D00CD759D /* TimerModel.swift in Sources */ = {isa = PBXBuildFile; fileRef = 54B112DC29EFED9D00CD759D /* TimerModel.swift */; };
		54B112E129EFEDF500CD759D /* Pomodoro.xcdatamodeld in Sources */ = {isa = PBXBuildFile; fileRef = 54B112DF29EFEDF500CD759D /* Pomodoro.xcdatamodeld */; };
		54B112E329EFEE2A00CD759D /* CoreDataStack.swift in Sources */ = {isa = PBXBuildFile; fileRef = 54B112E229EFEE2A00CD759D /* CoreDataStack.swift */; };
		54B112E529EFEE3800CD759D /* CoreDataStore.swift in Sources */ = {isa = PBXBuildFile; fileRef = 54B112E429EFEE3800CD759D /* CoreDataStore.swift */; };
		54B112ED29EFEE9600CD759D /* TimerServiceTests.swift in Sources */ = {isa = PBXBuildFile; fileRef = 54B112EC29EFEE9600CD759D /* TimerServiceTests.swift */; };
		54B112F829EFEF0900CD759D /* FakeCoreData.swift in Sources */ = {isa = PBXBuildFile; fileRef = 54B112F529EFEF0000CD759D /* FakeCoreData.swift */; };
		54B112FA29EFEF2500CD759D /* CoreDataStoreTests.swift in Sources */ = {isa = PBXBuildFile; fileRef = 54B112F929EFEF2500CD759D /* CoreDataStoreTests.swift */; };
		54B112FC29EFEFB700CD759D /* ButtonShape.swift in Sources */ = {isa = PBXBuildFile; fileRef = 54B112FB29EFEFB700CD759D /* ButtonShape.swift */; };
/* End PBXBuildFile section */

/* Begin PBXContainerItemProxy section */
		54B112EE29EFEE9600CD759D /* PBXContainerItemProxy */ = {
			isa = PBXContainerItemProxy;
			containerPortal = 54B112B529EFE95600CD759D /* Project object */;
			proxyType = 1;
			remoteGlobalIDString = 54B112BC29EFE95600CD759D;
			remoteInfo = Pomodoro;
		};
/* End PBXContainerItemProxy section */

/* Begin PBXFileReference section */
		54B112BD29EFE95600CD759D /* Pomodoro.app */ = {isa = PBXFileReference; explicitFileType = wrapper.application; includeInIndex = 0; path = Pomodoro.app; sourceTree = BUILT_PRODUCTS_DIR; };
		54B112C029EFE95600CD759D /* PomodoroApp.swift */ = {isa = PBXFileReference; lastKnownFileType = sourcecode.swift; path = PomodoroApp.swift; sourceTree = "<group>"; };
		54B112C229EFE95600CD759D /* ContentView.swift */ = {isa = PBXFileReference; lastKnownFileType = sourcecode.swift; path = ContentView.swift; sourceTree = "<group>"; };
		54B112C429EFE95700CD759D /* Assets.xcassets */ = {isa = PBXFileReference; lastKnownFileType = folder.assetcatalog; path = Assets.xcassets; sourceTree = "<group>"; };
		54B112C729EFE95700CD759D /* Preview Assets.xcassets */ = {isa = PBXFileReference; lastKnownFileType = folder.assetcatalog; path = "Preview Assets.xcassets"; sourceTree = "<group>"; };
		54B112D229EFEB9900CD759D /* StatsView.swift */ = {isa = PBXFileReference; lastKnownFileType = sourcecode.swift; path = StatsView.swift; sourceTree = "<group>"; };
		54B112D429EFEBB400CD759D /* StatsRow.swift */ = {isa = PBXFileReference; lastKnownFileType = sourcecode.swift; path = StatsRow.swift; sourceTree = "<group>"; };
		54B112D629EFEBCF00CD759D /* SaveSessionView.swift */ = {isa = PBXFileReference; lastKnownFileType = sourcecode.swift; path = SaveSessionView.swift; sourceTree = "<group>"; };
		54B112D829EFEBE600CD759D /* TimerView.swift */ = {isa = PBXFileReference; lastKnownFileType = sourcecode.swift; path = TimerView.swift; sourceTree = "<group>"; };
		54B112DA29EFED8A00CD759D /* SessionStruct.swift */ = {isa = PBXFileReference; lastKnownFileType = sourcecode.swift; path = SessionStruct.swift; sourceTree = "<group>"; };
		54B112DC29EFED9D00CD759D /* TimerModel.swift */ = {isa = PBXFileReference; lastKnownFileType = sourcecode.swift; path = TimerModel.swift; sourceTree = "<group>"; };
		54B112E029EFEDF500CD759D /* Pomodoro.xcdatamodel */ = {isa = PBXFileReference; lastKnownFileType = wrapper.xcdatamodel; path = Pomodoro.xcdatamodel; sourceTree = "<group>"; };
		54B112E229EFEE2A00CD759D /* CoreDataStack.swift */ = {isa = PBXFileReference; lastKnownFileType = sourcecode.swift; name = CoreDataStack.swift; path = ../../../../../../../Downloads/CoreDataStack.swift; sourceTree = "<group>"; };
		54B112E429EFEE3800CD759D /* CoreDataStore.swift */ = {isa = PBXFileReference; lastKnownFileType = sourcecode.swift; path = CoreDataStore.swift; sourceTree = "<group>"; };
		54B112EA29EFEE9600CD759D /* PomodoroTests.xctest */ = {isa = PBXFileReference; explicitFileType = wrapper.cfbundle; includeInIndex = 0; path = PomodoroTests.xctest; sourceTree = BUILT_PRODUCTS_DIR; };
		54B112EC29EFEE9600CD759D /* TimerServiceTests.swift */ = {isa = PBXFileReference; lastKnownFileType = sourcecode.swift; path = TimerServiceTests.swift; sourceTree = "<group>"; };
		54B112F529EFEF0000CD759D /* FakeCoreData.swift */ = {isa = PBXFileReference; lastKnownFileType = sourcecode.swift; path = FakeCoreData.swift; sourceTree = "<group>"; };
		54B112F929EFEF2500CD759D /* CoreDataStoreTests.swift */ = {isa = PBXFileReference; lastKnownFileType = sourcecode.swift; path = CoreDataStoreTests.swift; sourceTree = "<group>"; };
		54B112FB29EFEFB700CD759D /* ButtonShape.swift */ = {isa = PBXFileReference; lastKnownFileType = sourcecode.swift; path = ButtonShape.swift; sourceTree = "<group>"; };
		54B112FD29EFF0D300CD759D /* Pomodoro.xctestplan */ = {isa = PBXFileReference; lastKnownFileType = text; path = Pomodoro.xctestplan; sourceTree = "<group>"; };
/* End PBXFileReference section */

/* Begin PBXFrameworksBuildPhase section */
		54B112BA29EFE95600CD759D /* Frameworks */ = {
			isa = PBXFrameworksBuildPhase;
			buildActionMask = 2147483647;
			files = (
			);
			runOnlyForDeploymentPostprocessing = 0;
		};
		54B112E729EFEE9600CD759D /* Frameworks */ = {
			isa = PBXFrameworksBuildPhase;
			buildActionMask = 2147483647;
			files = (
			);
			runOnlyForDeploymentPostprocessing = 0;
		};
/* End PBXFrameworksBuildPhase section */

/* Begin PBXGroup section */
		54B112B429EFE95600CD759D = {
			isa = PBXGroup;
			children = (
				54B112FD29EFF0D300CD759D /* Pomodoro.xctestplan */,
				54B112BF29EFE95600CD759D /* Pomodoro */,
				54B112EB29EFEE9600CD759D /* PomodoroTests */,
				54B112BE29EFE95600CD759D /* Products */,
			);
			sourceTree = "<group>";
		};
		54B112BE29EFE95600CD759D /* Products */ = {
			isa = PBXGroup;
			children = (
				54B112BD29EFE95600CD759D /* Pomodoro.app */,
				54B112EA29EFEE9600CD759D /* PomodoroTests.xctest */,
			);
			name = Products;
			sourceTree = "<group>";
		};
		54B112BF29EFE95600CD759D /* Pomodoro */ = {
			isa = PBXGroup;
			children = (
				54B112C029EFE95600CD759D /* PomodoroApp.swift */,
				54B112CE29EFEB1F00CD759D /* View */,
				54B112D129EFEB6600CD759D /* Model */,
				54B112DE29EFEDD600CD759D /* CoreData */,
				54B112C429EFE95700CD759D /* Assets.xcassets */,
				54B112C629EFE95700CD759D /* Preview Content */,
			);
			path = Pomodoro;
			sourceTree = "<group>";
		};
		54B112C629EFE95700CD759D /* Preview Content */ = {
			isa = PBXGroup;
			children = (
				54B112C729EFE95700CD759D /* Preview Assets.xcassets */,
			);
			path = "Preview Content";
			sourceTree = "<group>";
		};
		54B112CE29EFEB1F00CD759D /* View */ = {
			isa = PBXGroup;
			children = (
				54B112C229EFE95600CD759D /* ContentView.swift */,
				54B112D629EFEBCF00CD759D /* SaveSessionView.swift */,
				54B112D829EFEBE600CD759D /* TimerView.swift */,
				54B112D029EFEB5600CD759D /* Ressources */,
				54B112CF29EFEB4200CD759D /* Stats */,
			);
			name = View;
			sourceTree = "<group>";
		};
		54B112CF29EFEB4200CD759D /* Stats */ = {
			isa = PBXGroup;
			children = (
				54B112D229EFEB9900CD759D /* StatsView.swift */,
				54B112D429EFEBB400CD759D /* StatsRow.swift */,
			);
			path = Stats;
			sourceTree = "<group>";
		};
		54B112D029EFEB5600CD759D /* Ressources */ = {
			isa = PBXGroup;
			children = (
				54B112FB29EFEFB700CD759D /* ButtonShape.swift */,
			);
			path = Ressources;
			sourceTree = "<group>";
		};
		54B112D129EFEB6600CD759D /* Model */ = {
			isa = PBXGroup;
			children = (
				54B112DA29EFED8A00CD759D /* SessionStruct.swift */,
				54B112DC29EFED9D00CD759D /* TimerModel.swift */,
			);
			name = Model;
			path = Ressources;
			sourceTree = "<group>";
		};
		54B112DE29EFEDD600CD759D /* CoreData */ = {
			isa = PBXGroup;
			children = (
				54B112DF29EFEDF500CD759D /* Pomodoro.xcdatamodeld */,
				54B112E229EFEE2A00CD759D /* CoreDataStack.swift */,
				54B112E429EFEE3800CD759D /* CoreDataStore.swift */,
			);
			path = CoreData;
			sourceTree = "<group>";
		};
		54B112EB29EFEE9600CD759D /* PomodoroTests */ = {
			isa = PBXGroup;
			children = (
				54B112F329EFEE9E00CD759D /* TimerService */,
				54B112F429EFEEA500CD759D /* CoreDataService */,
			);
			path = PomodoroTests;
			sourceTree = "<group>";
		};
		54B112F329EFEE9E00CD759D /* TimerService */ = {
			isa = PBXGroup;
			children = (
				54B112EC29EFEE9600CD759D /* TimerServiceTests.swift */,
			);
			path = TimerService;
			sourceTree = "<group>";
		};
		54B112F429EFEEA500CD759D /* CoreDataService */ = {
			isa = PBXGroup;
			children = (
				54B112F929EFEF2500CD759D /* CoreDataStoreTests.swift */,
				54B112F529EFEF0000CD759D /* FakeCoreData.swift */,
			);
			path = CoreDataService;
			sourceTree = "<group>";
		};
/* End PBXGroup section */

/* Begin PBXNativeTarget section */
		54B112BC29EFE95600CD759D /* Pomodoro */ = {
			isa = PBXNativeTarget;
			buildConfigurationList = 54B112CB29EFE95700CD759D /* Build configuration list for PBXNativeTarget "Pomodoro" */;
			buildPhases = (
				54B112B929EFE95600CD759D /* Sources */,
				54B112BA29EFE95600CD759D /* Frameworks */,
				54B112BB29EFE95600CD759D /* Resources */,
			);
			buildRules = (
			);
			dependencies = (
			);
			name = Pomodoro;
			productName = Pomodoro;
			productReference = 54B112BD29EFE95600CD759D /* Pomodoro.app */;
			productType = "com.apple.product-type.application";
		};
		54B112E929EFEE9600CD759D /* PomodoroTests */ = {
			isa = PBXNativeTarget;
			buildConfigurationList = 54B112F029EFEE9600CD759D /* Build configuration list for PBXNativeTarget "PomodoroTests" */;
			buildPhases = (
				54B112E629EFEE9600CD759D /* Sources */,
				54B112E729EFEE9600CD759D /* Frameworks */,
				54B112E829EFEE9600CD759D /* Resources */,
			);
			buildRules = (
			);
			dependencies = (
				54B112EF29EFEE9600CD759D /* PBXTargetDependency */,
			);
			name = PomodoroTests;
			productName = PomodoroTests;
			productReference = 54B112EA29EFEE9600CD759D /* PomodoroTests.xctest */;
			productType = "com.apple.product-type.bundle.unit-test";
		};
/* End PBXNativeTarget section */

/* Begin PBXProject section */
		54B112B529EFE95600CD759D /* Project object */ = {
			isa = PBXProject;
			attributes = {
				BuildIndependentTargetsInParallel = 1;
				LastSwiftUpdateCheck = 1430;
				LastUpgradeCheck = 1430;
				TargetAttributes = {
					54B112BC29EFE95600CD759D = {
						CreatedOnToolsVersion = 14.3;
					};
					54B112E929EFEE9600CD759D = {
						CreatedOnToolsVersion = 14.3;
						TestTargetID = 54B112BC29EFE95600CD759D;
					};
				};
			};
			buildConfigurationList = 54B112B829EFE95600CD759D /* Build configuration list for PBXProject "Pomodoro" */;
			compatibilityVersion = "Xcode 14.0";
			developmentRegion = en;
			hasScannedForEncodings = 0;
			knownRegions = (
				en,
				Base,
			);
			mainGroup = 54B112B429EFE95600CD759D;
			productRefGroup = 54B112BE29EFE95600CD759D /* Products */;
			projectDirPath = "";
			projectRoot = "";
			targets = (
				54B112BC29EFE95600CD759D /* Pomodoro */,
				54B112E929EFEE9600CD759D /* PomodoroTests */,
			);
		};
/* End PBXProject section */

/* Begin PBXResourcesBuildPhase section */
		54B112BB29EFE95600CD759D /* Resources */ = {
			isa = PBXResourcesBuildPhase;
			buildActionMask = 2147483647;
			files = (
				54B112C829EFE95700CD759D /* Preview Assets.xcassets in Resources */,
				54B112C529EFE95700CD759D /* Assets.xcassets in Resources */,
			);
			runOnlyForDeploymentPostprocessing = 0;
		};
		54B112E829EFEE9600CD759D /* Resources */ = {
			isa = PBXResourcesBuildPhase;
			buildActionMask = 2147483647;
			files = (
			);
			runOnlyForDeploymentPostprocessing = 0;
		};
/* End PBXResourcesBuildPhase section */

/* Begin PBXSourcesBuildPhase section */
		54B112B929EFE95600CD759D /* Sources */ = {
			isa = PBXSourcesBuildPhase;
			buildActionMask = 2147483647;
			files = (
				54B112D929EFEBE600CD759D /* TimerView.swift in Sources */,
				54B112D529EFEBB400CD759D /* StatsRow.swift in Sources */,
				54B112C329EFE95600CD759D /* ContentView.swift in Sources */,
				54B112E529EFEE3800CD759D /* CoreDataStore.swift in Sources */,
				54B112E129EFEDF500CD759D /* Pomodoro.xcdatamodeld in Sources */,
				54B112FC29EFEFB700CD759D /* ButtonShape.swift in Sources */,
				54B112D729EFEBCF00CD759D /* SaveSessionView.swift in Sources */,
				54B112E329EFEE2A00CD759D /* CoreDataStack.swift in Sources */,
				54B112C129EFE95600CD759D /* PomodoroApp.swift in Sources */,
				54B112DD29EFED9D00CD759D /* TimerModel.swift in Sources */,
				54B112D329EFEB9900CD759D /* StatsView.swift in Sources */,
				54B112DB29EFED8A00CD759D /* SessionStruct.swift in Sources */,
			);
			runOnlyForDeploymentPostprocessing = 0;
		};
		54B112E629EFEE9600CD759D /* Sources */ = {
			isa = PBXSourcesBuildPhase;
			buildActionMask = 2147483647;
			files = (
				54B112FA29EFEF2500CD759D /* CoreDataStoreTests.swift in Sources */,
				54B112ED29EFEE9600CD759D /* TimerServiceTests.swift in Sources */,
				54B112F829EFEF0900CD759D /* FakeCoreData.swift in Sources */,
			);
			runOnlyForDeploymentPostprocessing = 0;
		};
/* End PBXSourcesBuildPhase section */

/* Begin PBXTargetDependency section */
		54B112EF29EFEE9600CD759D /* PBXTargetDependency */ = {
			isa = PBXTargetDependency;
			target = 54B112BC29EFE95600CD759D /* Pomodoro */;
			targetProxy = 54B112EE29EFEE9600CD759D /* PBXContainerItemProxy */;
		};
/* End PBXTargetDependency section */

/* Begin XCBuildConfiguration section */
		54B112C929EFE95700CD759D /* Debug */ = {
			isa = XCBuildConfiguration;
			buildSettings = {
				ALWAYS_SEARCH_USER_PATHS = NO;
				CLANG_ANALYZER_NONNULL = YES;
				CLANG_ANALYZER_NUMBER_OBJECT_CONVERSION = YES_AGGRESSIVE;
				CLANG_CXX_LANGUAGE_STANDARD = "gnu++20";
				CLANG_ENABLE_MODULES = YES;
				CLANG_ENABLE_OBJC_ARC = YES;
				CLANG_ENABLE_OBJC_WEAK = YES;
				CLANG_WARN_BLOCK_CAPTURE_AUTORELEASING = YES;
				CLANG_WARN_BOOL_CONVERSION = YES;
				CLANG_WARN_COMMA = YES;
				CLANG_WARN_CONSTANT_CONVERSION = YES;
				CLANG_WARN_DEPRECATED_OBJC_IMPLEMENTATIONS = YES;
				CLANG_WARN_DIRECT_OBJC_ISA_USAGE = YES_ERROR;
				CLANG_WARN_DOCUMENTATION_COMMENTS = YES;
				CLANG_WARN_EMPTY_BODY = YES;
				CLANG_WARN_ENUM_CONVERSION = YES;
				CLANG_WARN_INFINITE_RECURSION = YES;
				CLANG_WARN_INT_CONVERSION = YES;
				CLANG_WARN_NON_LITERAL_NULL_CONVERSION = YES;
				CLANG_WARN_OBJC_IMPLICIT_RETAIN_SELF = YES;
				CLANG_WARN_OBJC_LITERAL_CONVERSION = YES;
				CLANG_WARN_OBJC_ROOT_CLASS = YES_ERROR;
				CLANG_WARN_QUOTED_INCLUDE_IN_FRAMEWORK_HEADER = YES;
				CLANG_WARN_RANGE_LOOP_ANALYSIS = YES;
				CLANG_WARN_STRICT_PROTOTYPES = YES;
				CLANG_WARN_SUSPICIOUS_MOVE = YES;
				CLANG_WARN_UNGUARDED_AVAILABILITY = YES_AGGRESSIVE;
				CLANG_WARN_UNREACHABLE_CODE = YES;
				CLANG_WARN__DUPLICATE_METHOD_MATCH = YES;
				COPY_PHASE_STRIP = NO;
				DEBUG_INFORMATION_FORMAT = dwarf;
				ENABLE_STRICT_OBJC_MSGSEND = YES;
				ENABLE_TESTABILITY = YES;
				GCC_C_LANGUAGE_STANDARD = gnu11;
				GCC_DYNAMIC_NO_PIC = NO;
				GCC_NO_COMMON_BLOCKS = YES;
				GCC_OPTIMIZATION_LEVEL = 0;
				GCC_PREPROCESSOR_DEFINITIONS = (
					"DEBUG=1",
					"$(inherited)",
				);
				GCC_WARN_64_TO_32_BIT_CONVERSION = YES;
				GCC_WARN_ABOUT_RETURN_TYPE = YES_ERROR;
				GCC_WARN_UNDECLARED_SELECTOR = YES;
				GCC_WARN_UNINITIALIZED_AUTOS = YES_AGGRESSIVE;
				GCC_WARN_UNUSED_FUNCTION = YES;
				GCC_WARN_UNUSED_VARIABLE = YES;
				IPHONEOS_DEPLOYMENT_TARGET = 16.4;
				MTL_ENABLE_DEBUG_INFO = INCLUDE_SOURCE;
				MTL_FAST_MATH = YES;
				ONLY_ACTIVE_ARCH = YES;
				SDKROOT = iphoneos;
				SWIFT_ACTIVE_COMPILATION_CONDITIONS = DEBUG;
				SWIFT_OPTIMIZATION_LEVEL = "-Onone";
			};
			name = Debug;
		};
		54B112CA29EFE95700CD759D /* Release */ = {
			isa = XCBuildConfiguration;
			buildSettings = {
				ALWAYS_SEARCH_USER_PATHS = NO;
				CLANG_ANALYZER_NONNULL = YES;
				CLANG_ANALYZER_NUMBER_OBJECT_CONVERSION = YES_AGGRESSIVE;
				CLANG_CXX_LANGUAGE_STANDARD = "gnu++20";
				CLANG_ENABLE_MODULES = YES;
				CLANG_ENABLE_OBJC_ARC = YES;
				CLANG_ENABLE_OBJC_WEAK = YES;
				CLANG_WARN_BLOCK_CAPTURE_AUTORELEASING = YES;
				CLANG_WARN_BOOL_CONVERSION = YES;
				CLANG_WARN_COMMA = YES;
				CLANG_WARN_CONSTANT_CONVERSION = YES;
				CLANG_WARN_DEPRECATED_OBJC_IMPLEMENTATIONS = YES;
				CLANG_WARN_DIRECT_OBJC_ISA_USAGE = YES_ERROR;
				CLANG_WARN_DOCUMENTATION_COMMENTS = YES;
				CLANG_WARN_EMPTY_BODY = YES;
				CLANG_WARN_ENUM_CONVERSION = YES;
				CLANG_WARN_INFINITE_RECURSION = YES;
				CLANG_WARN_INT_CONVERSION = YES;
				CLANG_WARN_NON_LITERAL_NULL_CONVERSION = YES;
				CLANG_WARN_OBJC_IMPLICIT_RETAIN_SELF = YES;
				CLANG_WARN_OBJC_LITERAL_CONVERSION = YES;
				CLANG_WARN_OBJC_ROOT_CLASS = YES_ERROR;
				CLANG_WARN_QUOTED_INCLUDE_IN_FRAMEWORK_HEADER = YES;
				CLANG_WARN_RANGE_LOOP_ANALYSIS = YES;
				CLANG_WARN_STRICT_PROTOTYPES = YES;
				CLANG_WARN_SUSPICIOUS_MOVE = YES;
				CLANG_WARN_UNGUARDED_AVAILABILITY = YES_AGGRESSIVE;
				CLANG_WARN_UNREACHABLE_CODE = YES;
				CLANG_WARN__DUPLICATE_METHOD_MATCH = YES;
				COPY_PHASE_STRIP = NO;
				DEBUG_INFORMATION_FORMAT = "dwarf-with-dsym";
				ENABLE_NS_ASSERTIONS = NO;
				ENABLE_STRICT_OBJC_MSGSEND = YES;
				GCC_C_LANGUAGE_STANDARD = gnu11;
				GCC_NO_COMMON_BLOCKS = YES;
				GCC_WARN_64_TO_32_BIT_CONVERSION = YES;
				GCC_WARN_ABOUT_RETURN_TYPE = YES_ERROR;
				GCC_WARN_UNDECLARED_SELECTOR = YES;
				GCC_WARN_UNINITIALIZED_AUTOS = YES_AGGRESSIVE;
				GCC_WARN_UNUSED_FUNCTION = YES;
				GCC_WARN_UNUSED_VARIABLE = YES;
				IPHONEOS_DEPLOYMENT_TARGET = 16.4;
				MTL_ENABLE_DEBUG_INFO = NO;
				MTL_FAST_MATH = YES;
				SDKROOT = iphoneos;
				SWIFT_COMPILATION_MODE = wholemodule;
				SWIFT_OPTIMIZATION_LEVEL = "-O";
				VALIDATE_PRODUCT = YES;
			};
			name = Release;
		};
		54B112CC29EFE95700CD759D /* Debug */ = {
			isa = XCBuildConfiguration;
			buildSettings = {
				ASSETCATALOG_COMPILER_APPICON_NAME = AppIcon;
				ASSETCATALOG_COMPILER_GLOBAL_ACCENT_COLOR_NAME = AccentColor;
				CODE_SIGN_STYLE = Automatic;
				CURRENT_PROJECT_VERSION = 1;
				DEVELOPMENT_ASSET_PATHS = "\"Pomodoro/Preview Content\"";
				DEVELOPMENT_TEAM = 4YN9289X4K;
				ENABLE_PREVIEWS = YES;
				GENERATE_INFOPLIST_FILE = YES;
				INFOPLIST_KEY_UIApplicationSceneManifest_Generation = YES;
				INFOPLIST_KEY_UIApplicationSupportsIndirectInputEvents = YES;
				INFOPLIST_KEY_UILaunchScreen_Generation = YES;
				INFOPLIST_KEY_UISupportedInterfaceOrientations = UIInterfaceOrientationPortrait;
				INFOPLIST_KEY_UISupportedInterfaceOrientations_iPad = "UIInterfaceOrientationLandscapeLeft UIInterfaceOrientationLandscapeRight UIInterfaceOrientationPortrait UIInterfaceOrientationPortraitUpsideDown";
				IPHONEOS_DEPLOYMENT_TARGET = 16.0;
				LD_RUNPATH_SEARCH_PATHS = (
					"$(inherited)",
					"@executable_path/Frameworks",
				);
				MARKETING_VERSION = 1.0;
				PRODUCT_BUNDLE_IDENTIFIER = com.pomodoro.Pomodoro;
				PRODUCT_NAME = "$(TARGET_NAME)";
				SUPPORTED_PLATFORMS = "iphoneos iphonesimulator";
				SUPPORTS_MACCATALYST = NO;
				SUPPORTS_MAC_DESIGNED_FOR_IPHONE_IPAD = NO;
				SWIFT_EMIT_LOC_STRINGS = YES;
				SWIFT_VERSION = 5.0;
				TARGETED_DEVICE_FAMILY = 1;
			};
			name = Debug;
		};
		54B112CD29EFE95700CD759D /* Release */ = {
			isa = XCBuildConfiguration;
			buildSettings = {
				ASSETCATALOG_COMPILER_APPICON_NAME = AppIcon;
				ASSETCATALOG_COMPILER_GLOBAL_ACCENT_COLOR_NAME = AccentColor;
				CODE_SIGN_STYLE = Automatic;
				CURRENT_PROJECT_VERSION = 1;
				DEVELOPMENT_ASSET_PATHS = "\"Pomodoro/Preview Content\"";
				DEVELOPMENT_TEAM = 4YN9289X4K;
				ENABLE_PREVIEWS = YES;
				GENERATE_INFOPLIST_FILE = YES;
				INFOPLIST_KEY_UIApplicationSceneManifest_Generation = YES;
				INFOPLIST_KEY_UIApplicationSupportsIndirectInputEvents = YES;
				INFOPLIST_KEY_UILaunchScreen_Generation = YES;
				INFOPLIST_KEY_UISupportedInterfaceOrientations = UIInterfaceOrientationPortrait;
				INFOPLIST_KEY_UISupportedInterfaceOrientations_iPad = "UIInterfaceOrientationLandscapeLeft UIInterfaceOrientationLandscapeRight UIInterfaceOrientationPortrait UIInterfaceOrientationPortraitUpsideDown";
				IPHONEOS_DEPLOYMENT_TARGET = 16.0;
				LD_RUNPATH_SEARCH_PATHS = (
					"$(inherited)",
					"@executable_path/Frameworks",
				);
				MARKETING_VERSION = 1.0;
				PRODUCT_BUNDLE_IDENTIFIER = com.pomodoro.Pomodoro;
				PRODUCT_NAME = "$(TARGET_NAME)";
				SUPPORTED_PLATFORMS = "iphoneos iphonesimulator";
				SUPPORTS_MACCATALYST = NO;
				SUPPORTS_MAC_DESIGNED_FOR_IPHONE_IPAD = NO;
				SWIFT_EMIT_LOC_STRINGS = YES;
				SWIFT_VERSION = 5.0;
				TARGETED_DEVICE_FAMILY = 1;
			};
			name = Release;
		};
		54B112F129EFEE9600CD759D /* Debug */ = {
			isa = XCBuildConfiguration;
			buildSettings = {
				BUNDLE_LOADER = "$(TEST_HOST)";
				CODE_SIGN_STYLE = Automatic;
				CURRENT_PROJECT_VERSION = 1;
				DEVELOPMENT_TEAM = 4YN9289X4K;
				GENERATE_INFOPLIST_FILE = YES;
				IPHONEOS_DEPLOYMENT_TARGET = 16.4;
				MARKETING_VERSION = 1.0;
				PRODUCT_BUNDLE_IDENTIFIER = com.pomodoro.PomodoroTests;
				PRODUCT_NAME = "$(TARGET_NAME)";
				SUPPORTED_PLATFORMS = "iphoneos iphonesimulator";
				SUPPORTS_MACCATALYST = NO;
				SUPPORTS_MAC_DESIGNED_FOR_IPHONE_IPAD = NO;
				SWIFT_EMIT_LOC_STRINGS = NO;
				SWIFT_VERSION = 5.0;
				TARGETED_DEVICE_FAMILY = 1;
				TEST_HOST = "$(BUILT_PRODUCTS_DIR)/Pomodoro.app/$(BUNDLE_EXECUTABLE_FOLDER_PATH)/Pomodoro";
			};
			name = Debug;
		};
		54B112F229EFEE9600CD759D /* Release */ = {
			isa = XCBuildConfiguration;
			buildSettings = {
				BUNDLE_LOADER = "$(TEST_HOST)";
				CODE_SIGN_STYLE = Automatic;
				CURRENT_PROJECT_VERSION = 1;
				DEVELOPMENT_TEAM = 4YN9289X4K;
				GENERATE_INFOPLIST_FILE = YES;
				IPHONEOS_DEPLOYMENT_TARGET = 16.4;
				MARKETING_VERSION = 1.0;
				PRODUCT_BUNDLE_IDENTIFIER = com.pomodoro.PomodoroTests;
				PRODUCT_NAME = "$(TARGET_NAME)";
				SUPPORTED_PLATFORMS = "iphoneos iphonesimulator";
				SUPPORTS_MACCATALYST = NO;
				SUPPORTS_MAC_DESIGNED_FOR_IPHONE_IPAD = NO;
				SWIFT_EMIT_LOC_STRINGS = NO;
				SWIFT_VERSION = 5.0;
				TARGETED_DEVICE_FAMILY = 1;
				TEST_HOST = "$(BUILT_PRODUCTS_DIR)/Pomodoro.app/$(BUNDLE_EXECUTABLE_FOLDER_PATH)/Pomodoro";
			};
			name = Release;
		};
/* End XCBuildConfiguration section */

/* Begin XCConfigurationList section */
		54B112B829EFE95600CD759D /* Build configuration list for PBXProject "Pomodoro" */ = {
			isa = XCConfigurationList;
			buildConfigurations = (
				54B112C929EFE95700CD759D /* Debug */,
				54B112CA29EFE95700CD759D /* Release */,
			);
			defaultConfigurationIsVisible = 0;
			defaultConfigurationName = Release;
		};
		54B112CB29EFE95700CD759D /* Build configuration list for PBXNativeTarget "Pomodoro" */ = {
			isa = XCConfigurationList;
			buildConfigurations = (
				54B112CC29EFE95700CD759D /* Debug */,
				54B112CD29EFE95700CD759D /* Release */,
			);
			defaultConfigurationIsVisible = 0;
			defaultConfigurationName = Release;
		};
		54B112F029EFEE9600CD759D /* Build configuration list for PBXNativeTarget "PomodoroTests" */ = {
			isa = XCConfigurationList;
			buildConfigurations = (
				54B112F129EFEE9600CD759D /* Debug */,
				54B112F229EFEE9600CD759D /* Release */,
			);
			defaultConfigurationIsVisible = 0;
			defaultConfigurationName = Release;
		};
/* End XCConfigurationList section */

/* Begin XCVersionGroup section */
		54B112DF29EFEDF500CD759D /* Pomodoro.xcdatamodeld */ = {
			isa = XCVersionGroup;
			children = (
				54B112E029EFEDF500CD759D /* Pomodoro.xcdatamodel */,
			);
			currentVersion = 54B112E029EFEDF500CD759D /* Pomodoro.xcdatamodel */;
			path = Pomodoro.xcdatamodeld;
			sourceTree = "<group>";
			versionGroupType = wrapper.xcdatamodel;
		};
/* End XCVersionGroup section */
	};
	rootObject = 54B112B529EFE95600CD759D /* Project object */;
}
